{
  "name": "run-exclusive",
  "version": "2.1.4",
  "lockfileVersion": 1,
  "requires": true,
  "dependencies": {
    "@types/node": {
      "version": "10.17.14",
      "resolved": "https://registry.npmjs.org/@types/node/-/node-10.17.14.tgz",
      "integrity": "sha512-G0UmX5uKEmW+ZAhmZ6PLTQ5eu/VPaT+d/tdLd5IFsKRPcbe6lPxocBtcYBFSaLaCW8O60AX90e91Nsp8lVHCNw==",
      "dev": true
    },
    "colors": {
      "version": "1.4.0",
      "resolved": "https://registry.npmjs.org/colors/-/colors-1.4.0.tgz",
      "integrity": "sha512-a+UqTh4kgZg/SlGvfbzDHpgRu7AAQOmmqRHJnxhRZICKFUT91brVhNNt58CMWU9PsBbv3PDCZUHbVxuDiH2mtA==",
      "dev": true
    },
    "minimal-polyfills": {
      "version": "1.0.3",
      "resolved": "https://registry.npmjs.org/minimal-polyfills/-/minimal-polyfills-1.0.3.tgz",
      "integrity": "sha512-ITsldzZ2JjJ5QL9vS8IE6nlI/h0dy5KbcoJEPilnpstfrLNpRL3DfJHrLX6ffQSlsA09DbNqiaQaYnLplxjuEg=="
    },
    "run-exclusive": {
      "version": "github:garronej/run-exclusive#541de70f97004ee1c1eeb6f32c2086f802af146b",
      "from": "github:garronej/run-exclusive",
      "dev": true,
      "requires": {
        "minimal-polyfills": "^1.0.2"
      }
    },
    "setprototypeof": {
      "version": "1.2.0",
      "resolved": "https://registry.npmjs.org/setprototypeof/-/setprototypeof-1.2.0.tgz",
      "integrity": "sha512-E5LDX7Wrp85Kil5bhZv46j8jOeboKq5JMmYM3gVGdGH8xFpPWXUMsNrlODCrkoxMEeNi/XZIwuRvY4XNwYMJpw==",
      "dev": true
    },
    "ts-evt": {
      "version": "4.3.3",
      "resolved": "https://registry.npmjs.org/ts-evt/-/ts-evt-4.3.3.tgz",
      "integrity": "sha512-+/TvUlSMaFcCV3gekN26+peTYLgzKN+lDYcmG6P9mf8P40q5DWvf30jwS9d/JhLfKDdCAIWFYsKvIvkFNMgVvA==",
      "dev": true,
      "requires": {
        "minimal-polyfills": "github:garronej/minimal-polyfills",
        "run-exclusive": "github:garronej/run-exclusive",
        "setprototypeof": "^1.1.1"
      },
      "dependencies": {
        "minimal-polyfills": {
          "version": "github:garronej/minimal-polyfills#f9e263906122d33ded9c40bcef386f3fa330c116",
          "from": "github:garronej/minimal-polyfills",
          "dev": true
        }
      }
    },
    "typescript": {
      "version": "2.9.2",
      "resolved": "https://registry.npmjs.org/typescript/-/typescript-2.9.2.tgz",
      "integrity": "sha512-Gr4p6nFNaoufRIY4NMdpQRNmgxVIGMs4Fcu/ujdYk3nAZqk7supzBE9idmvfZIlH/Cuj//dvi+019qEue9lV0w==",
      "dev": true
    }
  }
}
