{
  "name": "run-exclusive",
  "version": "1.1.1",
  "lockfileVersion": 1,
  "requires": true,
  "dependencies": {
    "@types/colors": {
      "version": "1.1.3",
      "resolved": "https://registry.npmjs.org/@types/colors/-/colors-1.1.3.tgz",
      "integrity": "sha1-VBOwp6GxbdGL4OP9V9L+7Mgcx3Y=",
      "dev": true
    },
    "@types/node": {
      "version": "4.2.16",
      "resolved": "https://registry.npmjs.org/@types/node/-/node-4.2.16.tgz",
      "integrity": "sha512-goVnbj0oGmXXGYjXviARHjgxj/rEyizBy3q0kYI/kb1yKDVaNrj0/vaFcYzfBQvFEbd3K+1SNru432et3/ys6w==",
      "dev": true
    },
    "colors": {
      "version": "1.1.2",
      "resolved": "https://registry.npmjs.org/colors/-/colors-1.1.2.tgz",
      "integrity": "sha1-FopHAXVran9RoSzgyXv6KMCE7WM=",
      "dev": true
    },
    "run-exclusive": {
      "version": "github:garronej/run-exclusive#4a13a9ef84b63f455135a5427ae6c8bd0b507ba9",
      "dev": true
    },
    "stack-trace": {
      "version": "0.0.9",
      "resolved": "https://registry.npmjs.org/stack-trace/-/stack-trace-0.0.9.tgz",
      "integrity": "sha1-qPbq7KkGdMMz58Q5U/J1tFFRBpU=",
      "dev": true
    },
    "ts-events-extended": {
      "version": "github:garronej/ts-events-extended#cab75ab2c8ab56a72990a76eb06a2df7574f396f",
      "dev": true,
      "requires": {
        "rejection-tracker": "github:garronej/rejection-tracker#8bea020baa72fc55bb915227f5386643845418dd",
        "run-exclusive": "github:garronej/run-exclusive#4a13a9ef84b63f455135a5427ae6c8bd0b507ba9"
      },
      "dependencies": {
        "rejection-tracker": {
          "version": "github:garronej/rejection-tracker#8bea020baa72fc55bb915227f5386643845418dd",
          "dev": true,
          "requires": {
            "colors": "1.1.2",
            "stack-trace": "0.0.9"
          }
        }
      }
    },
    "typescript": {
      "version": "2.4.2",
      "resolved": "https://registry.npmjs.org/typescript/-/typescript-2.4.2.tgz",
      "integrity": "sha1-+DlfhdRZJ2BnyYiqQYN6j4KHCEQ=",
      "dev": true
    }
  }
}
