{
  "name": "run-exclusive",
  "version": "2.0.0",
  "lockfileVersion": 1,
  "requires": true,
  "dependencies": {
    "@types/colors": {
      "version": "1.2.1",
      "resolved": "https://registry.npmjs.org/@types/colors/-/colors-1.2.1.tgz",
      "integrity": "sha512-7jNkpfN2lVO07nJ1RWzyMnNhH/I5N9iWuMPx9pedptxJ4MODf8rRV0lbJi6RakQ4sKQk231Fw4e2W9n3D7gZ3w==",
      "dev": true,
      "requires": {
        "colors": "*"
      }
    },
    "@types/node": {
      "version": "10.3.2",
      "resolved": "https://registry.npmjs.org/@types/node/-/node-10.3.2.tgz",
      "integrity": "sha512-9NfEUDp3tgRhmoxzTpTo+lq+KIVFxZahuRX0LHF/9IzKHaWuoWsIrrJ61zw5cnnlGINX8lqJzXYfQTOICS5Q+A=="
    },
    "colors": {
      "version": "1.3.0",
      "resolved": "https://registry.npmjs.org/colors/-/colors-1.3.0.tgz",
      "integrity": "sha512-EDpX3a7wHMWFA7PUHWPHNWqOxIIRSJetuwl0AS5Oi/5FMV8kWm69RTlgm00GKjBO1xFHMtBbL49yRtMMdticBw==",
      "dev": true
    },
    "d": {
      "version": "1.0.0",
      "resolved": "https://registry.npmjs.org/d/-/d-1.0.0.tgz",
      "integrity": "sha1-dUu1v+VUUdpppYuU1F9MWwRi1Y8=",
      "dev": true,
      "requires": {
        "es5-ext": "^0.10.9"
      }
    },
    "es5-ext": {
      "version": "0.10.30",
      "resolved": "https://registry.npmjs.org/es5-ext/-/es5-ext-0.10.30.tgz",
      "integrity": "sha1-cUGhaDZpfbq/qq7uQUlc4p9SyTk=",
      "dev": true,
      "requires": {
        "es6-iterator": "2",
        "es6-symbol": "~3.1"
      }
    },
    "es6-iterator": {
      "version": "2.0.1",
      "resolved": "https://registry.npmjs.org/es6-iterator/-/es6-iterator-2.0.1.tgz",
      "integrity": "sha1-jjGcnwRTv1ddN0lAplWSDlnKVRI=",
      "dev": true,
      "requires": {
        "d": "1",
        "es5-ext": "^0.10.14",
        "es6-symbol": "^3.1"
      }
    },
    "es6-map": {
      "version": "0.1.5",
      "resolved": "https://registry.npmjs.org/es6-map/-/es6-map-0.1.5.tgz",
      "integrity": "sha1-kTbgUD3MBqMBaQ8LsU/042TpSfA=",
      "dev": true,
      "requires": {
        "d": "1",
        "es5-ext": "~0.10.14",
        "es6-iterator": "~2.0.1",
        "es6-set": "~0.1.5",
        "es6-symbol": "~3.1.1",
        "event-emitter": "~0.3.5"
      }
    },
    "es6-set": {
      "version": "0.1.5",
      "resolved": "https://registry.npmjs.org/es6-set/-/es6-set-0.1.5.tgz",
      "integrity": "sha1-0rPsXU2ADO2BjbU40ol02wpzzLE=",
      "dev": true,
      "requires": {
        "d": "1",
        "es5-ext": "~0.10.14",
        "es6-iterator": "~2.0.1",
        "es6-symbol": "3.1.1",
        "event-emitter": "~0.3.5"
      }
    },
    "es6-symbol": {
      "version": "3.1.1",
      "resolved": "https://registry.npmjs.org/es6-symbol/-/es6-symbol-3.1.1.tgz",
      "integrity": "sha1-vwDvT9q2uhtG7Le2KbTH7VcVzHc=",
      "dev": true,
      "requires": {
        "d": "1",
        "es5-ext": "~0.10.14"
      }
    },
    "event-emitter": {
      "version": "0.3.5",
      "resolved": "https://registry.npmjs.org/event-emitter/-/event-emitter-0.3.5.tgz",
      "integrity": "sha1-34xp7vFkeSPHFXuc6DhAYQsCzDk=",
      "dev": true,
      "requires": {
        "d": "1",
        "es5-ext": "~0.10.14"
      }
    },
    "run-exclusive": {
      "version": "github:garronej/run-exclusive#68594779aecf695435e95c75870be9222447b436",
      "from": "run-exclusive@github:garronej/run-exclusive#68594779aecf695435e95c75870be9222447b436",
      "dev": true
    },
    "ts-events-extended": {
      "version": "github:garronej/ts-events-extended#1ee7fc697d6b92d21da647156aaaf0d37431a68e",
      "from": "ts-events-extended@github:garronej/ts-events-extended#1ee7fc697d6b92d21da647156aaaf0d37431a68e",
      "dev": true,
      "requires": {
        "es6-map": "^0.1.5",
        "run-exclusive": "github:garronej/run-exclusive#68594779aecf695435e95c75870be9222447b436"
      }
    },
    "typescript": {
      "version": "2.9.1",
      "resolved": "https://registry.npmjs.org/typescript/-/typescript-2.9.1.tgz",
      "integrity": "sha512-h6pM2f/GDchCFlldnriOhs1QHuwbnmj6/v7499eMHqPeW4V2G0elua2eIc2nu8v2NdHV0Gm+tzX83Hr6nUFjQA==",
      "dev": true
    }
  }
}
